
Microsoft Visual Studio Solution File, Format Version 12.00
# Visual Studio Version 17
VisualStudioVersion = 17.0.31903.59
MinimumVisualStudioVersion = 10.0.40219.1
Project("{FAE04EC0-301F-11D3-BF4B-00C04F79EFBC}") = "PlayerManager1", "PlayerManager1\PlayerManager1.csproj", "{55BA8CDE-25EC-4BA4-BD25-AB45C7203EC8}"
EndProject
Project("{FAE04EC0-301F-11D3-BF4B-00C04F79EFBC}") = "AnimalKingdom", "AnimalKingdom\AnimalKingdom.csproj", "{B2D63FD5-84EF-4BAE-9EFB-747DD1DCA7D3}"
EndProject
Project("{FAE04EC0-301F-11D3-BF4B-00C04F79EFBC}") = "PlayerManager2", "PlayerManager2\PlayerManager2.csproj", "{00039F6A-E9F6-45EE-89F8-D48AA4FAD3F7}"
EndProject
Project("{FAE04EC0-301F-11D3-BF4B-00C04F79EFBC}") = "PlayerManager3", "PlayerManager3\PlayerManager3.csproj", "{4801B1FD-C09D-4AAA-9D96-FB2386903E1D}"
EndProject
Project("{FAE04EC0-301F-11D3-BF4B-00C04F79EFBC}") = "PlayerManager4", "PlayerManager4\PlayerManager4.csproj", "{0C96D432-94A7-4523-988C-236CF0ACCD21}"
EndProject
Global
	GlobalSection(SolutionConfigurationPlatforms) = preSolution
		Debug|Any CPU = Debug|Any CPU
		Release|Any CPU = Release|Any CPU
	EndGlobalSection
	GlobalSection(SolutionProperties) = preSolution
		HideSolutionNode = FALSE
	EndGlobalSection
	GlobalSection(ProjectConfigurationPlatforms) = postSolution
		{55BA8CDE-25EC-4BA4-BD25-AB45C7203EC8}.Debug|Any CPU.ActiveCfg = Debug|Any CPU
		{55BA8CDE-25EC-4BA4-BD25-AB45C7203EC8}.Debug|Any CPU.Build.0 = Debug|Any CPU
		{55BA8CDE-25EC-4BA4-BD25-AB45C7203EC8}.Release|Any CPU.ActiveCfg = Release|Any CPU
		{55BA8CDE-25EC-4BA4-BD25-AB45C7203EC8}.Release|Any CPU.Build.0 = Release|Any CPU
		{B2D63FD5-84EF-4BAE-9EFB-747DD1DCA7D3}.Debug|Any CPU.ActiveCfg = Debug|Any CPU
		{B2D63FD5-84EF-4BAE-9EFB-747DD1DCA7D3}.Debug|Any CPU.Build.0 = Debug|Any CPU
		{B2D63FD5-84EF-4BAE-9EFB-747DD1DCA7D3}.Release|Any CPU.ActiveCfg = Release|Any CPU
		{B2D63FD5-84EF-4BAE-9EFB-747DD1DCA7D3}.Release|Any CPU.Build.0 = Release|Any CPU
		{00039F6A-E9F6-45EE-89F8-D48AA4FAD3F7}.Debug|Any CPU.ActiveCfg = Debug|Any CPU
		{00039F6A-E9F6-45EE-89F8-D48AA4FAD3F7}.Debug|Any CPU.Build.0 = Debug|Any CPU
		{00039F6A-E9F6-45EE-89F8-D48AA4FAD3F7}.Release|Any CPU.ActiveCfg = Release|Any CPU
		{00039F6A-E9F6-45EE-89F8-D48AA4FAD3F7}.Release|Any CPU.Build.0 = Release|Any CPU
		{4801B1FD-C09D-4AAA-9D96-FB2386903E1D}.Debug|Any CPU.ActiveCfg = Debug|Any CPU
		{4801B1FD-C09D-4AAA-9D96-FB2386903E1D}.Debug|Any CPU.Build.0 = Debug|Any CPU
		{4801B1FD-C09D-4AAA-9D96-FB2386903E1D}.Release|Any CPU.ActiveCfg = Release|Any CPU
		{4801B1FD-C09D-4AAA-9D96-FB2386903E1D}.Release|Any CPU.Build.0 = Release|Any CPU
		{0C96D432-94A7-4523-988C-236CF0ACCD21}.Debug|Any CPU.ActiveCfg = Debug|Any CPU
		{0C96D432-94A7-4523-988C-236CF0ACCD21}.Debug|Any CPU.Build.0 = Debug|Any CPU
		{0C96D432-94A7-4523-988C-236CF0ACCD21}.Release|Any CPU.ActiveCfg = Release|Any CPU
		{0C96D432-94A7-4523-988C-236CF0ACCD21}.Release|Any CPU.Build.0 = Release|Any CPU
	EndGlobalSection
EndGlobal
